
Microsoft Visual Studio Solution File, Format Version 12.00
# Visual Studio Version 16
VisualStudioVersion = 16.0.30907.101
MinimumVisualStudioVersion = 10.0.40219.1
Project("{FAE04EC0-301F-11D3-BF4B-00C04F79EFBC}") = "ReckonAPITest", "ReckonAPITest.csproj", "{1CAAA1B8-A695-4C28-8A99-53F1F0087BF2}"
EndProject
Global
	GlobalSection(SolutionConfigurationPlatforms) = preSolution
		Debug|Any CPU = Debug|Any CPU
		Release|Any CPU = Release|Any CPU
	EndGlobalSection
	GlobalSection(ProjectConfigurationPlatforms) = postSolution
		{1CAAA1B8-A695-4C28-8A99-53F1F0087BF2}.Debug|Any CPU.ActiveCfg = Debug|Any CPU
		{1CAAA1B8-A695-4C28-8A99-53F1F0087BF2}.Debug|Any CPU.Build.0 = Debug|Any CPU
		{1CAAA1B8-A695-4C28-8A99-53F1F0087BF2}.Release|Any CPU.ActiveCfg = Release|Any CPU
		{1CAAA1B8-A695-4C28-8A99-53F1F0087BF2}.Release|Any CPU.Build.0 = Release|Any CPU
	EndGlobalSection
	GlobalSection(SolutionProperties) = preSolution
		HideSolutionNode = FALSE
	EndGlobalSection
	GlobalSection(ExtensibilityGlobals) = postSolution
		SolutionGuid = {B7EC108E-1E58-42A1-A28F-56EF33854190}
	EndGlobalSection
EndGlobal
